lockfileVersion: '9.0'

settings:
  autoInstallPeers: true
  excludeLinksFromLockfile: false

importers:

  .:
    dependencies:
      utf7:
        specifier: '>=1.0.2'
        version: 1.0.2

packages:

  semver@5.3.0:
    resolution: {integrity: sha512-mfmm3/H9+67MCVix1h+IXTpDwL6710LyHuk7+cWC9T1mE0qz4iHhh6r4hU2wrIT9iTsAAC2XQRvfblL028cpLw==}
    hasBin: true

  utf7@1.0.2:
    resolution: {integrity: sha512-qQrPtYLLLl12NF4DrM9CvfkxkYI97xOb5dsnGZHE3teFr0tWiEZ9UdgMPczv24vl708cYMpe6mGXGHrotIp3Bw==}

snapshots:

  semver@5.3.0: {}

  utf7@1.0.2:
    dependencies:
      semver: 5.3.0
